// !$*UTF8*$!
{
	archiveVersion = 1;
	classes = {
	};
	objectVersion = 55;
	objects = {

/* Begin PBXBuildFile section */
		1E3072C0EC0D3EACBC7718C7 /* Pods_MyPiPApp.framework in Frameworks */ = {isa = PBXBuildFile; fileRef = 19CAF7B622AB1472BA2EC308 /* Pods_MyPiPApp.framework */; };
		4838FCF528A7323F000E329D /* AppDelegate.swift in Sources */ = {isa = PBXBuildFile; fileRef = 4838FCF428A7323F000E329D /* AppDelegate.swift */; };
		4838FCF728A7323F000E329D /* SceneDelegate.swift in Sources */ = {isa = PBXBuildFile; fileRef = 4838FCF628A7323F000E329D /* SceneDelegate.swift */; };
		4838FCF928A7323F000E329D /* ViewController.swift in Sources */ = {isa = PBXBuildFile; fileRef = 4838FCF828A7323F000E329D /* ViewController.swift */; };
		4838FCFC28A7323F000E329D /* Main.storyboard in Resources */ = {isa = PBXBuildFile; fileRef = 4838FCFA28A7323F000E329D /* Main.storyboard */; };
		4838FCFE28A73242000E329D /* Assets.xcassets in Resources */ = {isa = PBXBuildFile; fileRef = 4838FCFD28A73242000E329D /* Assets.xcassets */; };
		4838FD0128A73242000E329D /* LaunchScreen.storyboard in Resources */ = {isa = PBXBuildFile; fileRef = 4838FCFF28A73242000E329D /* LaunchScreen.storyboard */; };
		4838FD0928A89C2B000E329D /* suancaidegang.mp4 in Resources */ = {isa = PBXBuildFile; fileRef = 4838FD0828A89C2B000E329D /* suancaidegang.mp4 */; };
		48441B7028AA290C005D9FCA /* MWCustomPlayerVC.swift in Sources */ = {isa = PBXBuildFile; fileRef = 48441B6F28AA290C005D9FCA /* MWCustomPlayerVC.swift */; };
		48441B7428AA46B3005D9FCA /* CustomPlayerCircularButtonView.swift in Sources */ = {isa = PBXBuildFile; fileRef = 48441B7328AA46B3005D9FCA /* CustomPlayerCircularButtonView.swift */; };
		48441B7728AA6BA0005D9FCA /* MWPipWindowVC.swift in Sources */ = {isa = PBXBuildFile; fileRef = 48441B7628AA6BA0005D9FCA /* MWPipWindowVC.swift */; };
		484FBB2C28B0DCAA0043D190 /* MWFullTimerVC.swift in Sources */ = {isa = PBXBuildFile; fileRef = 484FBB2B28B0DCAA0043D190 /* MWFullTimerVC.swift */; };
		484FBB2E28B0EF570043D190 /* MWBaseVC.swift in Sources */ = {isa = PBXBuildFile; fileRef = 484FBB2D28B0EF570043D190 /* MWBaseVC.swift */; };
		485841BE28ABB6B100A0A78B /* MWTextPlayView.swift in Sources */ = {isa = PBXBuildFile; fileRef = 485841BD28ABB6B100A0A78B /* MWTextPlayView.swift */; };
/* End PBXBuildFile section */

/* Begin PBXFileReference section */
		19CAF7B622AB1472BA2EC308 /* Pods_MyPiPApp.framework */ = {isa = PBXFileReference; explicitFileType = wrapper.framework; includeInIndex = 0; path = Pods_MyPiPApp.framework; sourceTree = BUILT_PRODUCTS_DIR; };
		4838FCF128A7323F000E329D /* MyPiPApp.app */ = {isa = PBXFileReference; explicitFileType = wrapper.application; includeInIndex = 0; path = MyPiPApp.app; sourceTree = BUILT_PRODUCTS_DIR; };
		4838FCF428A7323F000E329D /* AppDelegate.swift */ = {isa = PBXFileReference; lastKnownFileType = sourcecode.swift; path = AppDelegate.swift; sourceTree = "<group>"; };
		4838FCF628A7323F000E329D /* SceneDelegate.swift */ = {isa = PBXFileReference; lastKnownFileType = sourcecode.swift; path = SceneDelegate.swift; sourceTree = "<group>"; };
		4838FCF828A7323F000E329D /* ViewController.swift */ = {isa = PBXFileReference; lastKnownFileType = sourcecode.swift; path = ViewController.swift; sourceTree = "<group>"; };
		4838FCFB28A7323F000E329D /* Base */ = {isa = PBXFileReference; lastKnownFileType = file.storyboard; name = Base; path = Base.lproj/Main.storyboard; sourceTree = "<group>"; };
		4838FCFD28A73242000E329D /* Assets.xcassets */ = {isa = PBXFileReference; lastKnownFileType = folder.assetcatalog; path = Assets.xcassets; sourceTree = "<group>"; };
		4838FD0028A73242000E329D /* Base */ = {isa = PBXFileReference; lastKnownFileType = file.storyboard; name = Base; path = Base.lproj/LaunchScreen.storyboard; sourceTree = "<group>"; };
		4838FD0228A73242000E329D /* Info.plist */ = {isa = PBXFileReference; lastKnownFileType = text.plist.xml; path = Info.plist; sourceTree = "<group>"; };
		4838FD0828A89C2B000E329D /* suancaidegang.mp4 */ = {isa = PBXFileReference; lastKnownFileType = file; path = suancaidegang.mp4; sourceTree = "<group>"; };
		48441B6F28AA290C005D9FCA /* MWCustomPlayerVC.swift */ = {isa = PBXFileReference; lastKnownFileType = sourcecode.swift; path = MWCustomPlayerVC.swift; sourceTree = "<group>"; };
		48441B7328AA46B3005D9FCA /* CustomPlayerCircularButtonView.swift */ = {isa = PBXFileReference; fileEncoding = 4; lastKnownFileType = sourcecode.swift; path = CustomPlayerCircularButtonView.swift; sourceTree = "<group>"; };
		48441B7628AA6BA0005D9FCA /* MWPipWindowVC.swift */ = {isa = PBXFileReference; lastKnownFileType = sourcecode.swift; path = MWPipWindowVC.swift; sourceTree = "<group>"; };
		484FBB2B28B0DCAA0043D190 /* MWFullTimerVC.swift */ = {isa = PBXFileReference; lastKnownFileType = sourcecode.swift; path = MWFullTimerVC.swift; sourceTree = "<group>"; };
		484FBB2D28B0EF570043D190 /* MWBaseVC.swift */ = {isa = PBXFileReference; lastKnownFileType = sourcecode.swift; path = MWBaseVC.swift; sourceTree = "<group>"; };
		485841BD28ABB6B100A0A78B /* MWTextPlayView.swift */ = {isa = PBXFileReference; lastKnownFileType = sourcecode.swift; path = MWTextPlayView.swift; sourceTree = "<group>"; };
		48EB7EBD582EFA8633E5242C /* Pods-MyPiPApp.debug.xcconfig */ = {isa = PBXFileReference; includeInIndex = 1; lastKnownFileType = text.xcconfig; name = "Pods-MyPiPApp.debug.xcconfig"; path = "Target Support Files/Pods-MyPiPApp/Pods-MyPiPApp.debug.xcconfig"; sourceTree = "<group>"; };
		B59F9B0E0C2BB2E5D2AEA39F /* Pods-MyPiPApp.release.xcconfig */ = {isa = PBXFileReference; includeInIndex = 1; lastKnownFileType = text.xcconfig; name = "Pods-MyPiPApp.release.xcconfig"; path = "Target Support Files/Pods-MyPiPApp/Pods-MyPiPApp.release.xcconfig"; sourceTree = "<group>"; };
/* End PBXFileReference section */

/* Begin PBXFrameworksBuildPhase section */
		4838FCEE28A7323F000E329D /* Frameworks */ = {
			isa = PBXFrameworksBuildPhase;
			buildActionMask = 2147483647;
			files = (
				1E3072C0EC0D3EACBC7718C7 /* Pods_MyPiPApp.framework in Frameworks */,
			);
			runOnlyForDeploymentPostprocessing = 0;
		};
/* End PBXFrameworksBuildPhase section */

/* Begin PBXGroup section */
		4838FCE828A7323F000E329D = {
			isa = PBXGroup;
			children = (
				4838FCF328A7323F000E329D /* MyPiPApp */,
				4838FCF228A7323F000E329D /* Products */,
				A396DA4BFB6EC7CFDAA8E63C /* Pods */,
				ED1EB4A8D796C6DED5B0C3A0 /* Frameworks */,
			);
			sourceTree = "<group>";
		};
		4838FCF228A7323F000E329D /* Products */ = {
			isa = PBXGroup;
			children = (
				4838FCF128A7323F000E329D /* MyPiPApp.app */,
			);
			name = Products;
			sourceTree = "<group>";
		};
		4838FCF328A7323F000E329D /* MyPiPApp */ = {
			isa = PBXGroup;
			children = (
				4838FD0828A89C2B000E329D /* suancaidegang.mp4 */,
				4838FCF428A7323F000E329D /* AppDelegate.swift */,
				4838FCF628A7323F000E329D /* SceneDelegate.swift */,
				484FBB2D28B0EF570043D190 /* MWBaseVC.swift */,
				48441B7328AA46B3005D9FCA /* CustomPlayerCircularButtonView.swift */,
				4838FCF828A7323F000E329D /* ViewController.swift */,
				484FBB2A28B0DC720043D190 /* 计时器 */,
				48441B7828AA6BA4005D9FCA /* 每日英语听力 */,
				48441B7528AA6B67005D9FCA /* 自定义播放器 */,
				4838FCFA28A7323F000E329D /* Main.storyboard */,
				4838FCFD28A73242000E329D /* Assets.xcassets */,
				4838FCFF28A73242000E329D /* LaunchScreen.storyboard */,
				4838FD0228A73242000E329D /* Info.plist */,
			);
			path = MyPiPApp;
			sourceTree = "<group>";
		};
		48441B7528AA6B67005D9FCA /* 自定义播放器 */ = {
			isa = PBXGroup;
			children = (
				48441B6F28AA290C005D9FCA /* MWCustomPlayerVC.swift */,
			);
			path = "自定义播放器";
			sourceTree = "<group>";
		};
		48441B7828AA6BA4005D9FCA /* 每日英语听力 */ = {
			isa = PBXGroup;
			children = (
				48441B7628AA6BA0005D9FCA /* MWPipWindowVC.swift */,
				485841BD28ABB6B100A0A78B /* MWTextPlayView.swift */,
			);
			path = "每日英语听力";
			sourceTree = "<group>";
		};
		484FBB2A28B0DC720043D190 /* 计时器 */ = {
			isa = PBXGroup;
			children = (
				484FBB2B28B0DCAA0043D190 /* MWFullTimerVC.swift */,
			);
			path = "计时器";
			sourceTree = "<group>";
		};
		A396DA4BFB6EC7CFDAA8E63C /* Pods */ = {
			isa = PBXGroup;
			children = (
				48EB7EBD582EFA8633E5242C /* Pods-MyPiPApp.debug.xcconfig */,
				B59F9B0E0C2BB2E5D2AEA39F /* Pods-MyPiPApp.release.xcconfig */,
			);
			path = Pods;
			sourceTree = "<group>";
		};
		ED1EB4A8D796C6DED5B0C3A0 /* Frameworks */ = {
			isa = PBXGroup;
			children = (
				19CAF7B622AB1472BA2EC308 /* Pods_MyPiPApp.framework */,
			);
			name = Frameworks;
			sourceTree = "<group>";
		};
/* End PBXGroup section */

/* Begin PBXNativeTarget section */
		4838FCF028A7323F000E329D /* MyPiPApp */ = {
			isa = PBXNativeTarget;
			buildConfigurationList = 4838FD0528A73242000E329D /* Build configuration list for PBXNativeTarget "MyPiPApp" */;
			buildPhases = (
				79DB9D1E13579B9ACCB79268 /* [CP] Check Pods Manifest.lock */,
				4838FCED28A7323F000E329D /* Sources */,
				4838FCEE28A7323F000E329D /* Frameworks */,
				4838FCEF28A7323F000E329D /* Resources */,
				C1AB23E294CDA7F070027849 /* [CP] Embed Pods Frameworks */,
			);
			buildRules = (
			);
			dependencies = (
			);
			name = MyPiPApp;
			productName = MyPiPApp;
			productReference = 4838FCF128A7323F000E329D /* MyPiPApp.app */;
			productType = "com.apple.product-type.application";
		};
/* End PBXNativeTarget section */

/* Begin PBXProject section */
		4838FCE928A7323F000E329D /* Project object */ = {
			isa = PBXProject;
			attributes = {
				BuildIndependentTargetsInParallel = 1;
				LastSwiftUpdateCheck = 1340;
				LastUpgradeCheck = 1340;
				TargetAttributes = {
					4838FCF028A7323F000E329D = {
						CreatedOnToolsVersion = 13.4;
					};
				};
			};
			buildConfigurationList = 4838FCEC28A7323F000E329D /* Build configuration list for PBXProject "MyPiPApp" */;
			compatibilityVersion = "Xcode 13.0";
			developmentRegion = en;
			hasScannedForEncodings = 0;
			knownRegions = (
				en,
				Base,
			);
			mainGroup = 4838FCE828A7323F000E329D;
			productRefGroup = 4838FCF228A7323F000E329D /* Products */;
			projectDirPath = "";
			projectRoot = "";
			targets = (
				4838FCF028A7323F000E329D /* MyPiPApp */,
			);
		};
/* End PBXProject section */

/* Begin PBXResourcesBuildPhase section */
		4838FCEF28A7323F000E329D /* Resources */ = {
			isa = PBXResourcesBuildPhase;
			buildActionMask = 2147483647;
			files = (
				4838FD0128A73242000E329D /* LaunchScreen.storyboard in Resources */,
				4838FCFE28A73242000E329D /* Assets.xcassets in Resources */,
				4838FD0928A89C2B000E329D /* suancaidegang.mp4 in Resources */,
				4838FCFC28A7323F000E329D /* Main.storyboard in Resources */,
			);
			runOnlyForDeploymentPostprocessing = 0;
		};
/* End PBXResourcesBuildPhase section */

/* Begin PBXShellScriptBuildPhase section */
		79DB9D1E13579B9ACCB79268 /* [CP] Check Pods Manifest.lock */ = {
			isa = PBXShellScriptBuildPhase;
			buildActionMask = 2147483647;
			files = (
			);
			inputFileListPaths = (
			);
			inputPaths = (
				"${PODS_PODFILE_DIR_PATH}/Podfile.lock",
				"${PODS_ROOT}/Manifest.lock",
			);
			name = "[CP] Check Pods Manifest.lock";
			outputFileListPaths = (
			);
			outputPaths = (
				"$(DERIVED_FILE_DIR)/Pods-MyPiPApp-checkManifestLockResult.txt",
			);
			runOnlyForDeploymentPostprocessing = 0;
			shellPath = /bin/sh;
			shellScript = "diff \"${PODS_PODFILE_DIR_PATH}/Podfile.lock\" \"${PODS_ROOT}/Manifest.lock\" > /dev/null\nif [ $? != 0 ] ; then\n    # print error to STDERR\n    echo \"error: The sandbox is not in sync with the Podfile.lock. Run 'pod install' or update your CocoaPods installation.\" >&2\n    exit 1\nfi\n# This output is used by Xcode 'outputs' to avoid re-running this script phase.\necho \"SUCCESS\" > \"${SCRIPT_OUTPUT_FILE_0}\"\n";
			showEnvVarsInLog = 0;
		};
		C1AB23E294CDA7F070027849 /* [CP] Embed Pods Frameworks */ = {
			isa = PBXShellScriptBuildPhase;
			buildActionMask = 2147483647;
			files = (
			);
			inputFileListPaths = (
				"${PODS_ROOT}/Target Support Files/Pods-MyPiPApp/Pods-MyPiPApp-frameworks-${CONFIGURATION}-input-files.xcfilelist",
			);
			name = "[CP] Embed Pods Frameworks";
			outputFileListPaths = (
				"${PODS_ROOT}/Target Support Files/Pods-MyPiPApp/Pods-MyPiPApp-frameworks-${CONFIGURATION}-output-files.xcfilelist",
			);
			runOnlyForDeploymentPostprocessing = 0;
			shellPath = /bin/sh;
			shellScript = "\"${PODS_ROOT}/Target Support Files/Pods-MyPiPApp/Pods-MyPiPApp-frameworks.sh\"\n";
			showEnvVarsInLog = 0;
		};
/* End PBXShellScriptBuildPhase section */

/* Begin PBXSourcesBuildPhase section */
		4838FCED28A7323F000E329D /* Sources */ = {
			isa = PBXSourcesBuildPhase;
			buildActionMask = 2147483647;
			files = (
				4838FCF928A7323F000E329D /* ViewController.swift in Sources */,
				485841BE28ABB6B100A0A78B /* MWTextPlayView.swift in Sources */,
				4838FCF528A7323F000E329D /* AppDelegate.swift in Sources */,
				48441B7028AA290C005D9FCA /* MWCustomPlayerVC.swift in Sources */,
				484FBB2E28B0EF570043D190 /* MWBaseVC.swift in Sources */,
				4838FCF728A7323F000E329D /* SceneDelegate.swift in Sources */,
				48441B7728AA6BA0005D9FCA /* MWPipWindowVC.swift in Sources */,
				48441B7428AA46B3005D9FCA /* CustomPlayerCircularButtonView.swift in Sources */,
				484FBB2C28B0DCAA0043D190 /* MWFullTimerVC.swift in Sources */,
			);
			runOnlyForDeploymentPostprocessing = 0;
		};
/* End PBXSourcesBuildPhase section */

/* Begin PBXVariantGroup section */
		4838FCFA28A7323F000E329D /* Main.storyboard */ = {
			isa = PBXVariantGroup;
			children = (
				4838FCFB28A7323F000E329D /* Base */,
			);
			name = Main.storyboard;
			sourceTree = "<group>";
		};
		4838FCFF28A73242000E329D /* LaunchScreen.storyboard */ = {
			isa = PBXVariantGroup;
			children = (
				4838FD0028A73242000E329D /* Base */,
			);
			name = LaunchScreen.storyboard;
			sourceTree = "<group>";
		};
/* End PBXVariantGroup section */

/* Begin XCBuildConfiguration section */
		4838FD0328A73242000E329D /* Debug */ = {
			isa = XCBuildConfiguration;
			buildSettings = {
				ALWAYS_SEARCH_USER_PATHS = NO;
				CLANG_ANALYZER_NONNULL = YES;
				CLANG_ANALYZER_NUMBER_OBJECT_CONVERSION = YES_AGGRESSIVE;
				CLANG_CXX_LANGUAGE_STANDARD = "gnu++17";
				CLANG_ENABLE_MODULES = YES;
				CLANG_ENABLE_OBJC_ARC = YES;
				CLANG_ENABLE_OBJC_WEAK = YES;
				CLANG_WARN_BLOCK_CAPTURE_AUTORELEASING = YES;
				CLANG_WARN_BOOL_CONVERSION = YES;
				CLANG_WARN_COMMA = YES;
				CLANG_WARN_CONSTANT_CONVERSION = YES;
				CLANG_WARN_DEPRECATED_OBJC_IMPLEMENTATIONS = YES;
				CLANG_WARN_DIRECT_OBJC_ISA_USAGE = YES_ERROR;
				CLANG_WARN_DOCUMENTATION_COMMENTS = YES;
				CLANG_WARN_EMPTY_BODY = YES;
				CLANG_WARN_ENUM_CONVERSION = YES;
				CLANG_WARN_INFINITE_RECURSION = YES;
				CLANG_WARN_INT_CONVERSION = YES;
				CLANG_WARN_NON_LITERAL_NULL_CONVERSION = YES;
				CLANG_WARN_OBJC_IMPLICIT_RETAIN_SELF = YES;
				CLANG_WARN_OBJC_LITERAL_CONVERSION = YES;
				CLANG_WARN_OBJC_ROOT_CLASS = YES_ERROR;
				CLANG_WARN_QUOTED_INCLUDE_IN_FRAMEWORK_HEADER = YES;
				CLANG_WARN_RANGE_LOOP_ANALYSIS = YES;
				CLANG_WARN_STRICT_PROTOTYPES = YES;
				CLANG_WARN_SUSPICIOUS_MOVE = YES;
				CLANG_WARN_UNGUARDED_AVAILABILITY = YES_AGGRESSIVE;
				CLANG_WARN_UNREACHABLE_CODE = YES;
				CLANG_WARN__DUPLICATE_METHOD_MATCH = YES;
				COPY_PHASE_STRIP = NO;
				DEBUG_INFORMATION_FORMAT = dwarf;
				ENABLE_STRICT_OBJC_MSGSEND = YES;
				ENABLE_TESTABILITY = YES;
				GCC_C_LANGUAGE_STANDARD = gnu11;
				GCC_DYNAMIC_NO_PIC = NO;
				GCC_NO_COMMON_BLOCKS = YES;
				GCC_OPTIMIZATION_LEVEL = 0;
				GCC_PREPROCESSOR_DEFINITIONS = (
					"DEBUG=1",
					"$(inherited)",
				);
				GCC_WARN_64_TO_32_BIT_CONVERSION = YES;
				GCC_WARN_ABOUT_RETURN_TYPE = YES_ERROR;
				GCC_WARN_UNDECLARED_SELECTOR = YES;
				GCC_WARN_UNINITIALIZED_AUTOS = YES_AGGRESSIVE;
				GCC_WARN_UNUSED_FUNCTION = YES;
				GCC_WARN_UNUSED_VARIABLE = YES;
				IPHONEOS_DEPLOYMENT_TARGET = 15.5;
				MTL_ENABLE_DEBUG_INFO = INCLUDE_SOURCE;
				MTL_FAST_MATH = YES;
				ONLY_ACTIVE_ARCH = YES;
				SDKROOT = iphoneos;
				SWIFT_ACTIVE_COMPILATION_CONDITIONS = DEBUG;
				SWIFT_OPTIMIZATION_LEVEL = "-Onone";
			};
			name = Debug;
		};
		4838FD0428A73242000E329D /* Release */ = {
			isa = XCBuildConfiguration;
			buildSettings = {
				ALWAYS_SEARCH_USER_PATHS = NO;
				CLANG_ANALYZER_NONNULL = YES;
				CLANG_ANALYZER_NUMBER_OBJECT_CONVERSION = YES_AGGRESSIVE;
				CLANG_CXX_LANGUAGE_STANDARD = "gnu++17";
				CLANG_ENABLE_MODULES = YES;
				CLANG_ENABLE_OBJC_ARC = YES;
				CLANG_ENABLE_OBJC_WEAK = YES;
				CLANG_WARN_BLOCK_CAPTURE_AUTORELEASING = YES;
				CLANG_WARN_BOOL_CONVERSION = YES;
				CLANG_WARN_COMMA = YES;
				CLANG_WARN_CONSTANT_CONVERSION = YES;
				CLANG_WARN_DEPRECATED_OBJC_IMPLEMENTATIONS = YES;
				CLANG_WARN_DIRECT_OBJC_ISA_USAGE = YES_ERROR;
				CLANG_WARN_DOCUMENTATION_COMMENTS = YES;
				CLANG_WARN_EMPTY_BODY = YES;
				CLANG_WARN_ENUM_CONVERSION = YES;
				CLANG_WARN_INFINITE_RECURSION = YES;
				CLANG_WARN_INT_CONVERSION = YES;
				CLANG_WARN_NON_LITERAL_NULL_CONVERSION = YES;
				CLANG_WARN_OBJC_IMPLICIT_RETAIN_SELF = YES;
				CLANG_WARN_OBJC_LITERAL_CONVERSION = YES;
				CLANG_WARN_OBJC_ROOT_CLASS = YES_ERROR;
				CLANG_WARN_QUOTED_INCLUDE_IN_FRAMEWORK_HEADER = YES;
				CLANG_WARN_RANGE_LOOP_ANALYSIS = YES;
				CLANG_WARN_STRICT_PROTOTYPES = YES;
				CLANG_WARN_SUSPICIOUS_MOVE = YES;
				CLANG_WARN_UNGUARDED_AVAILABILITY = YES_AGGRESSIVE;
				CLANG_WARN_UNREACHABLE_CODE = YES;
				CLANG_WARN__DUPLICATE_METHOD_MATCH = YES;
				COPY_PHASE_STRIP = NO;
				DEBUG_INFORMATION_FORMAT = "dwarf-with-dsym";
				ENABLE_NS_ASSERTIONS = NO;
				ENABLE_STRICT_OBJC_MSGSEND = YES;
				GCC_C_LANGUAGE_STANDARD = gnu11;
				GCC_NO_COMMON_BLOCKS = YES;
				GCC_WARN_64_TO_32_BIT_CONVERSION = YES;
				GCC_WARN_ABOUT_RETURN_TYPE = YES_ERROR;
				GCC_WARN_UNDECLARED_SELECTOR = YES;
				GCC_WARN_UNINITIALIZED_AUTOS = YES_AGGRESSIVE;
				GCC_WARN_UNUSED_FUNCTION = YES;
				GCC_WARN_UNUSED_VARIABLE = YES;
				IPHONEOS_DEPLOYMENT_TARGET = 15.5;
				MTL_ENABLE_DEBUG_INFO = NO;
				MTL_FAST_MATH = YES;
				SDKROOT = iphoneos;
				SWIFT_COMPILATION_MODE = wholemodule;
				SWIFT_OPTIMIZATION_LEVEL = "-O";
				VALIDATE_PRODUCT = YES;
			};
			name = Release;
		};
		4838FD0628A73242000E329D /* Debug */ = {
			isa = XCBuildConfiguration;
			baseConfigurationReference = 48EB7EBD582EFA8633E5242C /* Pods-MyPiPApp.debug.xcconfig */;
			buildSettings = {
				ASSETCATALOG_COMPILER_APPICON_NAME = AppIcon;
				ASSETCATALOG_COMPILER_GLOBAL_ACCENT_COLOR_NAME = AccentColor;
				CODE_SIGN_STYLE = Automatic;
				CURRENT_PROJECT_VERSION = 1;
				DEVELOPMENT_TEAM = M88583872C;
				GENERATE_INFOPLIST_FILE = YES;
				INFOPLIST_FILE = MyPiPApp/Info.plist;
				INFOPLIST_KEY_UIApplicationSupportsIndirectInputEvents = YES;
				INFOPLIST_KEY_UILaunchStoryboardName = LaunchScreen;
				INFOPLIST_KEY_UIMainStoryboardFile = Main;
				INFOPLIST_KEY_UISupportedInterfaceOrientations_iPad = "UIInterfaceOrientationPortrait UIInterfaceOrientationPortraitUpsideDown UIInterfaceOrientationLandscapeLeft UIInterfaceOrientationLandscapeRight";
				INFOPLIST_KEY_UISupportedInterfaceOrientations_iPhone = "UIInterfaceOrientationPortrait UIInterfaceOrientationLandscapeLeft UIInterfaceOrientationLandscapeRight";
				LD_RUNPATH_SEARCH_PATHS = (
					"$(inherited)",
					"@executable_path/Frameworks",
				);
				MARKETING_VERSION = 1.0;
				PRODUCT_BUNDLE_IDENTIFIER = com.morganwang.MyPiPApp;
				PRODUCT_NAME = "$(TARGET_NAME)";
				SWIFT_EMIT_LOC_STRINGS = YES;
				SWIFT_VERSION = 5.0;
				TARGETED_DEVICE_FAMILY = "1,2";
			};
			name = Debug;
		};
		4838FD0728A73242000E329D /* Release */ = {
			isa = XCBuildConfiguration;
			baseConfigurationReference = B59F9B0E0C2BB2E5D2AEA39F /* Pods-MyPiPApp.release.xcconfig */;
			buildSettings = {
				ASSETCATALOG_COMPILER_APPICON_NAME = AppIcon;
				ASSETCATALOG_COMPILER_GLOBAL_ACCENT_COLOR_NAME = AccentColor;
				CODE_SIGN_STYLE = Automatic;
				CURRENT_PROJECT_VERSION = 1;
				DEVELOPMENT_TEAM = M88583872C;
				GENERATE_INFOPLIST_FILE = YES;
				INFOPLIST_FILE = MyPiPApp/Info.plist;
				INFOPLIST_KEY_UIApplicationSupportsIndirectInputEvents = YES;
				INFOPLIST_KEY_UILaunchStoryboardName = LaunchScreen;
				INFOPLIST_KEY_UIMainStoryboardFile = Main;
				INFOPLIST_KEY_UISupportedInterfaceOrientations_iPad = "UIInterfaceOrientationPortrait UIInterfaceOrientationPortraitUpsideDown UIInterfaceOrientationLandscapeLeft UIInterfaceOrientationLandscapeRight";
				INFOPLIST_KEY_UISupportedInterfaceOrientations_iPhone = "UIInterfaceOrientationPortrait UIInterfaceOrientationLandscapeLeft UIInterfaceOrientationLandscapeRight";
				LD_RUNPATH_SEARCH_PATHS = (
					"$(inherited)",
					"@executable_path/Frameworks",
				);
				MARKETING_VERSION = 1.0;
				PRODUCT_BUNDLE_IDENTIFIER = com.morganwang.MyPiPApp;
				PRODUCT_NAME = "$(TARGET_NAME)";
				SWIFT_EMIT_LOC_STRINGS = YES;
				SWIFT_VERSION = 5.0;
				TARGETED_DEVICE_FAMILY = "1,2";
			};
			name = Release;
		};
/* End XCBuildConfiguration section */

/* Begin XCConfigurationList section */
		4838FCEC28A7323F000E329D /* Build configuration list for PBXProject "MyPiPApp" */ = {
			isa = XCConfigurationList;
			buildConfigurations = (
				4838FD0328A73242000E329D /* Debug */,
				4838FD0428A73242000E329D /* Release */,
			);
			defaultConfigurationIsVisible = 0;
			defaultConfigurationName = Release;
		};
		4838FD0528A73242000E329D /* Build configuration list for PBXNativeTarget "MyPiPApp" */ = {
			isa = XCConfigurationList;
			buildConfigurations = (
				4838FD0628A73242000E329D /* Debug */,
				4838FD0728A73242000E329D /* Release */,
			);
			defaultConfigurationIsVisible = 0;
			defaultConfigurationName = Release;
		};
/* End XCConfigurationList section */
	};
	rootObject = 4838FCE928A7323F000E329D /* Project object */;
}
